
Microsoft Visual Studio Solution File, Format Version 12.00
# Visual Studio Version 17
VisualStudioVersion = 17.8.34322.80
MinimumVisualStudioVersion = 10.0.40219.1
Project("{FAE04EC0-301F-11D3-BF4B-00C04F79EFBC}") = "gxpengine_template", "gxpengine_template\gxpengine_template.csproj", "{C0978190-6119-4FBC-9BDA-F59476957734}"
EndProject
Global
	GlobalSection(SolutionConfigurationPlatforms) = preSolution
		Debug|Any CPU = Debug|Any CPU
		Release|Any CPU = Release|Any CPU
	EndGlobalSection
	GlobalSection(ProjectConfigurationPlatforms) = postSolution
		{C0978190-6119-4FBC-9BDA-F59476957734}.Debug|Any CPU.ActiveCfg = Debug|Any CPU
		{C0978190-6119-4FBC-9BDA-F59476957734}.Debug|Any CPU.Build.0 = Debug|Any CPU
		{C0978190-6119-4FBC-9BDA-F59476957734}.Release|Any CPU.ActiveCfg = Release|Any CPU
		{C0978190-6119-4FBC-9BDA-F59476957734}.Release|Any CPU.Build.0 = Release|Any CPU
	EndGlobalSection
	GlobalSection(SolutionProperties) = preSolution
		HideSolutionNode = FALSE
	EndGlobalSection
	GlobalSection(ExtensibilityGlobals) = postSolution
		SolutionGuid = {3782BE0D-9D49-4D24-BFD8-DFD7264E9301}
	EndGlobalSection
EndGlobal
